
Microsoft Visual Studio Solution File, Format Version 12.00
# Visual Studio Version 17
VisualStudioVersion = 17.11.35222.181
MinimumVisualStudioVersion = 10.0.40219.1
Project("{8BC9CEB8-8B4A-11D0-8D11-00A0C91BC942}") = "DzPizza", "DzPizza\DzPizza.vcxproj", "{364540B4-D826-4990-8DBC-EB27D6AD12FB}"
EndProject
Global
	GlobalSection(SolutionConfigurationPlatforms) = preSolution
		Debug|x64 = Debug|x64
		Debug|x86 = Debug|x86
		Release|x64 = Release|x64
		Release|x86 = Release|x86
	EndGlobalSection
	GlobalSection(ProjectConfigurationPlatforms) = postSolution
		{364540B4-D826-4990-8DBC-EB27D6AD12FB}.Debug|x64.ActiveCfg = Debug|x64
		{364540B4-D826-4990-8DBC-EB27D6AD12FB}.Debug|x64.Build.0 = Debug|x64
		{364540B4-D826-4990-8DBC-EB27D6AD12FB}.Debug|x86.ActiveCfg = Debug|Win32
		{364540B4-D826-4990-8DBC-EB27D6AD12FB}.Debug|x86.Build.0 = Debug|Win32
		{364540B4-D826-4990-8DBC-EB27D6AD12FB}.Release|x64.ActiveCfg = Release|x64
		{364540B4-D826-4990-8DBC-EB27D6AD12FB}.Release|x64.Build.0 = Release|x64
		{364540B4-D826-4990-8DBC-EB27D6AD12FB}.Release|x86.ActiveCfg = Release|Win32
		{364540B4-D826-4990-8DBC-EB27D6AD12FB}.Release|x86.Build.0 = Release|Win32
	EndGlobalSection
	GlobalSection(SolutionProperties) = preSolution
		HideSolutionNode = FALSE
	EndGlobalSection
	GlobalSection(ExtensibilityGlobals) = postSolution
		SolutionGuid = {77FEFDBE-50D3-4803-B9F7-C7847D3F37E0}
	EndGlobalSection
EndGlobal
